
Microsoft Visual Studio Solution File, Format Version 12.00
Project("{FAE04EC0-301F-11D3-BF4B-00C04F79EFBC}") = "task1", "task1\task1.csproj", "{13E8B1C3-D87D-4288-AF26-9B72A3DED40E}"
EndProject
Project("{FAE04EC0-301F-11D3-BF4B-00C04F79EFBC}") = "helpers", "helpers\helpers.csproj", "{D0CC1159-5AAC-4285-91A5-B31AC4D903D7}"
EndProject
Project("{FAE04EC0-301F-11D3-BF4B-00C04F79EFBC}") = "task2", "task2\task2.csproj", "{A52C8126-AB7B-4A3D-A9D3-2386AE3E2638}"
EndProject
Project("{FAE04EC0-301F-11D3-BF4B-00C04F79EFBC}") = "application", "application\application.csproj", "{E292C0C4-7ADE-41F6-9369-D43E1D3BDA77}"
EndProject
Project("{FAE04EC0-301F-11D3-BF4B-00C04F79EFBC}") = "task3", "task3\task3.csproj", "{F886AF24-0CB9-4C6B-80B7-3FA4B106B4C3}"
EndProject
Project("{FAE04EC0-301F-11D3-BF4B-00C04F79EFBC}") = "task4", "task4\task4.csproj", "{10F20331-6673-4881-A4A9-B3CBE1CBA09F}"
EndProject
Project("{FAE04EC0-301F-11D3-BF4B-00C04F79EFBC}") = "task5", "task5\task5.csproj", "{18D07BF4-B327-4CA9-BB10-3BADE915CD5B}"
EndProject
Project("{FAE04EC0-301F-11D3-BF4B-00C04F79EFBC}") = "task6", "task6\task6.csproj", "{D3B233AD-CBD3-4882-B506-31B09FF000B2}"
EndProject
Project("{FAE04EC0-301F-11D3-BF4B-00C04F79EFBC}") = "task7", "task7\task7.csproj", "{D3E9FFA5-6617-49AE-B080-BB4B52901742}"
EndProject
Project("{FAE04EC0-301F-11D3-BF4B-00C04F79EFBC}") = "task8", "task8\task8.csproj", "{A91A8C09-A9B0-4AF0-8BD6-30519ADD3E92}"
EndProject
Project("{FAE04EC0-301F-11D3-BF4B-00C04F79EFBC}") = "task9", "task9\task9.csproj", "{402AB2E3-09D4-4C46-A09A-9DB9DB9EA08E}"
EndProject
Global
	GlobalSection(SolutionConfigurationPlatforms) = preSolution
		Debug|Any CPU = Debug|Any CPU
		Release|Any CPU = Release|Any CPU
	EndGlobalSection
	GlobalSection(ProjectConfigurationPlatforms) = postSolution
		{13E8B1C3-D87D-4288-AF26-9B72A3DED40E}.Debug|Any CPU.ActiveCfg = Debug|Any CPU
		{13E8B1C3-D87D-4288-AF26-9B72A3DED40E}.Debug|Any CPU.Build.0 = Debug|Any CPU
		{13E8B1C3-D87D-4288-AF26-9B72A3DED40E}.Release|Any CPU.ActiveCfg = Release|Any CPU
		{13E8B1C3-D87D-4288-AF26-9B72A3DED40E}.Release|Any CPU.Build.0 = Release|Any CPU
		{D0CC1159-5AAC-4285-91A5-B31AC4D903D7}.Debug|Any CPU.ActiveCfg = Debug|Any CPU
		{D0CC1159-5AAC-4285-91A5-B31AC4D903D7}.Debug|Any CPU.Build.0 = Debug|Any CPU
		{D0CC1159-5AAC-4285-91A5-B31AC4D903D7}.Release|Any CPU.ActiveCfg = Release|Any CPU
		{D0CC1159-5AAC-4285-91A5-B31AC4D903D7}.Release|Any CPU.Build.0 = Release|Any CPU
		{A52C8126-AB7B-4A3D-A9D3-2386AE3E2638}.Debug|Any CPU.ActiveCfg = Debug|Any CPU
		{A52C8126-AB7B-4A3D-A9D3-2386AE3E2638}.Debug|Any CPU.Build.0 = Debug|Any CPU
		{A52C8126-AB7B-4A3D-A9D3-2386AE3E2638}.Release|Any CPU.ActiveCfg = Release|Any CPU
		{A52C8126-AB7B-4A3D-A9D3-2386AE3E2638}.Release|Any CPU.Build.0 = Release|Any CPU
		{E292C0C4-7ADE-41F6-9369-D43E1D3BDA77}.Debug|Any CPU.ActiveCfg = Debug|Any CPU
		{E292C0C4-7ADE-41F6-9369-D43E1D3BDA77}.Debug|Any CPU.Build.0 = Debug|Any CPU
		{E292C0C4-7ADE-41F6-9369-D43E1D3BDA77}.Release|Any CPU.ActiveCfg = Release|Any CPU
		{E292C0C4-7ADE-41F6-9369-D43E1D3BDA77}.Release|Any CPU.Build.0 = Release|Any CPU
		{F886AF24-0CB9-4C6B-80B7-3FA4B106B4C3}.Debug|Any CPU.ActiveCfg = Debug|Any CPU
		{F886AF24-0CB9-4C6B-80B7-3FA4B106B4C3}.Debug|Any CPU.Build.0 = Debug|Any CPU
		{F886AF24-0CB9-4C6B-80B7-3FA4B106B4C3}.Release|Any CPU.ActiveCfg = Release|Any CPU
		{F886AF24-0CB9-4C6B-80B7-3FA4B106B4C3}.Release|Any CPU.Build.0 = Release|Any CPU
		{10F20331-6673-4881-A4A9-B3CBE1CBA09F}.Debug|Any CPU.ActiveCfg = Debug|Any CPU
		{10F20331-6673-4881-A4A9-B3CBE1CBA09F}.Debug|Any CPU.Build.0 = Debug|Any CPU
		{10F20331-6673-4881-A4A9-B3CBE1CBA09F}.Release|Any CPU.ActiveCfg = Release|Any CPU
		{10F20331-6673-4881-A4A9-B3CBE1CBA09F}.Release|Any CPU.Build.0 = Release|Any CPU
		{18D07BF4-B327-4CA9-BB10-3BADE915CD5B}.Debug|Any CPU.ActiveCfg = Debug|Any CPU
		{18D07BF4-B327-4CA9-BB10-3BADE915CD5B}.Debug|Any CPU.Build.0 = Debug|Any CPU
		{18D07BF4-B327-4CA9-BB10-3BADE915CD5B}.Release|Any CPU.ActiveCfg = Release|Any CPU
		{18D07BF4-B327-4CA9-BB10-3BADE915CD5B}.Release|Any CPU.Build.0 = Release|Any CPU
		{D3B233AD-CBD3-4882-B506-31B09FF000B2}.Debug|Any CPU.ActiveCfg = Debug|Any CPU
		{D3B233AD-CBD3-4882-B506-31B09FF000B2}.Debug|Any CPU.Build.0 = Debug|Any CPU
		{D3B233AD-CBD3-4882-B506-31B09FF000B2}.Release|Any CPU.ActiveCfg = Release|Any CPU
		{D3B233AD-CBD3-4882-B506-31B09FF000B2}.Release|Any CPU.Build.0 = Release|Any CPU
		{D3E9FFA5-6617-49AE-B080-BB4B52901742}.Debug|Any CPU.ActiveCfg = Debug|Any CPU
		{D3E9FFA5-6617-49AE-B080-BB4B52901742}.Debug|Any CPU.Build.0 = Debug|Any CPU
		{D3E9FFA5-6617-49AE-B080-BB4B52901742}.Release|Any CPU.ActiveCfg = Release|Any CPU
		{D3E9FFA5-6617-49AE-B080-BB4B52901742}.Release|Any CPU.Build.0 = Release|Any CPU
		{A91A8C09-A9B0-4AF0-8BD6-30519ADD3E92}.Debug|Any CPU.ActiveCfg = Debug|Any CPU
		{A91A8C09-A9B0-4AF0-8BD6-30519ADD3E92}.Debug|Any CPU.Build.0 = Debug|Any CPU
		{A91A8C09-A9B0-4AF0-8BD6-30519ADD3E92}.Release|Any CPU.ActiveCfg = Release|Any CPU
		{A91A8C09-A9B0-4AF0-8BD6-30519ADD3E92}.Release|Any CPU.Build.0 = Release|Any CPU
		{402AB2E3-09D4-4C46-A09A-9DB9DB9EA08E}.Debug|Any CPU.ActiveCfg = Debug|Any CPU
		{402AB2E3-09D4-4C46-A09A-9DB9DB9EA08E}.Debug|Any CPU.Build.0 = Debug|Any CPU
		{402AB2E3-09D4-4C46-A09A-9DB9DB9EA08E}.Release|Any CPU.ActiveCfg = Release|Any CPU
		{402AB2E3-09D4-4C46-A09A-9DB9DB9EA08E}.Release|Any CPU.Build.0 = Release|Any CPU
	EndGlobalSection
EndGlobal
