
Microsoft Visual Studio Solution File, Format Version 12.00
Project("{FAE04EC0-301F-11D3-BF4B-00C04F79EFBC}") = "Application", "Application\Application.csproj", "{CC9125E5-6BF7-416D-A378-498277102EB2}"
EndProject
Project("{FAE04EC0-301F-11D3-BF4B-00C04F79EFBC}") = "Gmurman", "Gmurman\Gmurman.csproj", "{EAC1DDF3-0C19-4273-9DDB-20CFA57AE95C}"
EndProject
Global
	GlobalSection(SolutionConfigurationPlatforms) = preSolution
		Debug|Any CPU = Debug|Any CPU
		Release|Any CPU = Release|Any CPU
	EndGlobalSection
	GlobalSection(ProjectConfigurationPlatforms) = postSolution
		{CC9125E5-6BF7-416D-A378-498277102EB2}.Debug|Any CPU.ActiveCfg = Debug|Any CPU
		{CC9125E5-6BF7-416D-A378-498277102EB2}.Debug|Any CPU.Build.0 = Debug|Any CPU
		{CC9125E5-6BF7-416D-A378-498277102EB2}.Release|Any CPU.ActiveCfg = Release|Any CPU
		{CC9125E5-6BF7-416D-A378-498277102EB2}.Release|Any CPU.Build.0 = Release|Any CPU
		{EAC1DDF3-0C19-4273-9DDB-20CFA57AE95C}.Debug|Any CPU.ActiveCfg = Debug|Any CPU
		{EAC1DDF3-0C19-4273-9DDB-20CFA57AE95C}.Debug|Any CPU.Build.0 = Debug|Any CPU
		{EAC1DDF3-0C19-4273-9DDB-20CFA57AE95C}.Release|Any CPU.ActiveCfg = Release|Any CPU
		{EAC1DDF3-0C19-4273-9DDB-20CFA57AE95C}.Release|Any CPU.Build.0 = Release|Any CPU
	EndGlobalSection
EndGlobal
